
Microsoft Visual Studio Solution File, Format Version 12.00
# Visual Studio Version 17
VisualStudioVersion = 17.2.32519.379
MinimumVisualStudioVersion = 10.0.40219.1
Project("{FAE04EC0-301F-11D3-BF4B-00C04F79EFBC}") = "TopTrumps", "TopTrumps\TopTrumps.csproj", "{9FCBDC22-AB73-4474-8929-55FD0676BB37}"
EndProject
Global
	GlobalSection(SolutionConfigurationPlatforms) = preSolution
		Debug|Any CPU = Debug|Any CPU
		Release|Any CPU = Release|Any CPU
	EndGlobalSection
	GlobalSection(ProjectConfigurationPlatforms) = postSolution
		{9FCBDC22-AB73-4474-8929-55FD0676BB37}.Debug|Any CPU.ActiveCfg = Debug|Any CPU
		{9FCBDC22-AB73-4474-8929-55FD0676BB37}.Debug|Any CPU.Build.0 = Debug|Any CPU
		{9FCBDC22-AB73-4474-8929-55FD0676BB37}.Release|Any CPU.ActiveCfg = Release|Any CPU
		{9FCBDC22-AB73-4474-8929-55FD0676BB37}.Release|Any CPU.Build.0 = Release|Any CPU
	EndGlobalSection
	GlobalSection(SolutionProperties) = preSolution
		HideSolutionNode = FALSE
	EndGlobalSection
	GlobalSection(ExtensibilityGlobals) = postSolution
		SolutionGuid = {32BB7246-392A-4193-AAB4-40EDDF6BFE94}
	EndGlobalSection
EndGlobal
